
Microsoft Visual Studio Solution File, Format Version 12.00
# Visual Studio Version 17
VisualStudioVersion = 17.5.33502.453
MinimumVisualStudioVersion = 10.0.40219.1
Project("{FAE04EC0-301F-11D3-BF4B-00C04F79EFBC}") = "WindowsFormsApp1", "WindowsFormsApp1\WindowsFormsApp1.csproj", "{C2DAE0E5-3CCE-4BED-974A-0086BA12FA4C}"
EndProject
Project("{FAE04EC0-301F-11D3-BF4B-00C04F79EFBC}") = "UnitTestProject1", "UnitTestProject1\UnitTestProject1.csproj", "{9C35996F-6F9F-4250-9684-AAC48E425493}"
EndProject
Global
	GlobalSection(SolutionConfigurationPlatforms) = preSolution
		Debug|Any CPU = Debug|Any CPU
		Release|Any CPU = Release|Any CPU
	EndGlobalSection
	GlobalSection(ProjectConfigurationPlatforms) = postSolution
		{C2DAE0E5-3CCE-4BED-974A-0086BA12FA4C}.Debug|Any CPU.ActiveCfg = Debug|Any CPU
		{C2DAE0E5-3CCE-4BED-974A-0086BA12FA4C}.Debug|Any CPU.Build.0 = Debug|Any CPU
		{C2DAE0E5-3CCE-4BED-974A-0086BA12FA4C}.Release|Any CPU.ActiveCfg = Release|Any CPU
		{C2DAE0E5-3CCE-4BED-974A-0086BA12FA4C}.Release|Any CPU.Build.0 = Release|Any CPU
		{9C35996F-6F9F-4250-9684-AAC48E425493}.Debug|Any CPU.ActiveCfg = Debug|Any CPU
		{9C35996F-6F9F-4250-9684-AAC48E425493}.Debug|Any CPU.Build.0 = Debug|Any CPU
		{9C35996F-6F9F-4250-9684-AAC48E425493}.Release|Any CPU.ActiveCfg = Release|Any CPU
		{9C35996F-6F9F-4250-9684-AAC48E425493}.Release|Any CPU.Build.0 = Release|Any CPU
	EndGlobalSection
	GlobalSection(SolutionProperties) = preSolution
		HideSolutionNode = FALSE
	EndGlobalSection
	GlobalSection(ExtensibilityGlobals) = postSolution
		SolutionGuid = {884A7D97-85E0-410D-8858-B4D92D42C841}
	EndGlobalSection
EndGlobal
