
Microsoft Visual Studio Solution File, Format Version 12.00
# Visual Studio Version 17
VisualStudioVersion = 17.5.33502.453
MinimumVisualStudioVersion = 10.0.40219.1
Project("{FAE04EC0-301F-11D3-BF4B-00C04F79EFBC}") = "Ex2_Lab5", "Ex2_Lab5\Ex2_Lab5.csproj", "{623EAE37-F2CF-4F77-932B-B89F33B1F61B}"
EndProject
Global
	GlobalSection(SolutionConfigurationPlatforms) = preSolution
		Debug|Any CPU = Debug|Any CPU
		Release|Any CPU = Release|Any CPU
	EndGlobalSection
	GlobalSection(ProjectConfigurationPlatforms) = postSolution
		{623EAE37-F2CF-4F77-932B-B89F33B1F61B}.Debug|Any CPU.ActiveCfg = Debug|Any CPU
		{623EAE37-F2CF-4F77-932B-B89F33B1F61B}.Debug|Any CPU.Build.0 = Debug|Any CPU
		{623EAE37-F2CF-4F77-932B-B89F33B1F61B}.Release|Any CPU.ActiveCfg = Release|Any CPU
		{623EAE37-F2CF-4F77-932B-B89F33B1F61B}.Release|Any CPU.Build.0 = Release|Any CPU
	EndGlobalSection
	GlobalSection(SolutionProperties) = preSolution
		HideSolutionNode = FALSE
	EndGlobalSection
	GlobalSection(ExtensibilityGlobals) = postSolution
		SolutionGuid = {8336B2B5-CD85-4435-AE80-7F5F18A9FB57}
	EndGlobalSection
EndGlobal
