
Microsoft Visual Studio Solution File, Format Version 12.00
# Visual Studio Version 17
VisualStudioVersion = 17.9.34622.214
MinimumVisualStudioVersion = 10.0.40219.1
Project("{FAE04EC0-301F-11D3-BF4B-00C04F79EFBC}") = "Lab1", "Lab1\Lab1.csproj", "{DB49BC24-430C-4CA8-82EC-6A4A80311070}"
EndProject
Global
	GlobalSection(SolutionConfigurationPlatforms) = preSolution
		Debug|Any CPU = Debug|Any CPU
		Release|Any CPU = Release|Any CPU
	EndGlobalSection
	GlobalSection(ProjectConfigurationPlatforms) = postSolution
		{DB49BC24-430C-4CA8-82EC-6A4A80311070}.Debug|Any CPU.ActiveCfg = Debug|Any CPU
		{DB49BC24-430C-4CA8-82EC-6A4A80311070}.Debug|Any CPU.Build.0 = Debug|Any CPU
		{DB49BC24-430C-4CA8-82EC-6A4A80311070}.Release|Any CPU.ActiveCfg = Release|Any CPU
		{DB49BC24-430C-4CA8-82EC-6A4A80311070}.Release|Any CPU.Build.0 = Release|Any CPU
	EndGlobalSection
	GlobalSection(SolutionProperties) = preSolution
		HideSolutionNode = FALSE
	EndGlobalSection
	GlobalSection(ExtensibilityGlobals) = postSolution
		SolutionGuid = {A6E3F66B-CE86-4F1F-AC54-3F1F31137A1B}
	EndGlobalSection
EndGlobal
