
Microsoft Visual Studio Solution File, Format Version 12.00
# Visual Studio Version 17
VisualStudioVersion = 17.9.34622.214
MinimumVisualStudioVersion = 10.0.40219.1
Project("{FAE04EC0-301F-11D3-BF4B-00C04F79EFBC}") = "ex1", "ex1\ex1.csproj", "{2C107C33-0A8B-42A6-84BB-44C58BB09D62}"
EndProject
Project("{FAE04EC0-301F-11D3-BF4B-00C04F79EFBC}") = "ex2", "ex2\ex2.csproj", "{61E5F008-E1C3-40AC-AE45-E44EF1DBC51C}"
EndProject
Global
	GlobalSection(SolutionConfigurationPlatforms) = preSolution
		Debug|Any CPU = Debug|Any CPU
		Release|Any CPU = Release|Any CPU
	EndGlobalSection
	GlobalSection(ProjectConfigurationPlatforms) = postSolution
		{2C107C33-0A8B-42A6-84BB-44C58BB09D62}.Debug|Any CPU.ActiveCfg = Debug|Any CPU
		{2C107C33-0A8B-42A6-84BB-44C58BB09D62}.Debug|Any CPU.Build.0 = Debug|Any CPU
		{2C107C33-0A8B-42A6-84BB-44C58BB09D62}.Release|Any CPU.ActiveCfg = Release|Any CPU
		{2C107C33-0A8B-42A6-84BB-44C58BB09D62}.Release|Any CPU.Build.0 = Release|Any CPU
		{61E5F008-E1C3-40AC-AE45-E44EF1DBC51C}.Debug|Any CPU.ActiveCfg = Debug|Any CPU
		{61E5F008-E1C3-40AC-AE45-E44EF1DBC51C}.Debug|Any CPU.Build.0 = Debug|Any CPU
		{61E5F008-E1C3-40AC-AE45-E44EF1DBC51C}.Release|Any CPU.ActiveCfg = Release|Any CPU
		{61E5F008-E1C3-40AC-AE45-E44EF1DBC51C}.Release|Any CPU.Build.0 = Release|Any CPU
	EndGlobalSection
	GlobalSection(SolutionProperties) = preSolution
		HideSolutionNode = FALSE
	EndGlobalSection
	GlobalSection(ExtensibilityGlobals) = postSolution
		SolutionGuid = {B01B79FD-BD41-4398-9340-22CDF582AD43}
	EndGlobalSection
EndGlobal
